# THIS IS AN AUTOGENERATED FILE. DO NOT EDIT THIS FILE DIRECTLY.
# yarn lockfile v1


tsickle@^0.39.1:
  version "0.39.1"
  resolved "https://registry.yarnpkg.com/tsickle/-/tsickle-0.39.1.tgz#7ccf672cde5b430f5dd0b281ee49e170ef390ff9"
  integrity sha512-CCc9cZhZbKoNizVM+K3Uqgit/go8GacjpqTv1cpwG/n2P0gB9GMoWZbxrUULDE9Wz26Lh86CGf6QyIPUVV1lnQ==

typescript@~3.9.5:
  version "3.9.7"
  resolved "https://registry.yarnpkg.com/typescript/-/typescript-3.9.7.tgz#98d600a5ebdc38f40cb277522f12dc800e9e25fa"
  integrity sha512-BLbiRkiBzAwsjut4x/dsibSTB6yWpwT5qWmC2OfuCg3GgVQCSgMs4vEctYPhsaGtd0AeuuHMkjZ2h2WG8MSzRw==
